
Microsoft Visual Studio Solution File, Format Version 12.00
# Visual Studio 2012
Project("{F2A71F9B-5D33-465A-A702-920D77279786}") = "Fish", "Fish\Fish.fsproj", "{BB6BAFCF-DEBE-44E0-915F-1BC48B74DB37}"
EndProject
Project("{F2A71F9B-5D33-465A-A702-920D77279786}") = "FishApp", "FishApp\FishApp.fsproj", "{3EEBE05A-5621-44C4-B276-4F106A9945E6}"
EndProject
Global
	GlobalSection(SolutionConfigurationPlatforms) = preSolution
		Debug|Any CPU = Debug|Any CPU
		Release|Any CPU = Release|Any CPU
	EndGlobalSection
	GlobalSection(ProjectConfigurationPlatforms) = postSolution
		{BB6BAFCF-DEBE-44E0-915F-1BC48B74DB37}.Debug|Any CPU.ActiveCfg = Debug|Any CPU
		{BB6BAFCF-DEBE-44E0-915F-1BC48B74DB37}.Debug|Any CPU.Build.0 = Debug|Any CPU
		{BB6BAFCF-DEBE-44E0-915F-1BC48B74DB37}.Release|Any CPU.ActiveCfg = Release|Any CPU
		{BB6BAFCF-DEBE-44E0-915F-1BC48B74DB37}.Release|Any CPU.Build.0 = Release|Any CPU
		{3EEBE05A-5621-44C4-B276-4F106A9945E6}.Debug|Any CPU.ActiveCfg = Debug|Any CPU
		{3EEBE05A-5621-44C4-B276-4F106A9945E6}.Debug|Any CPU.Build.0 = Debug|Any CPU
		{3EEBE05A-5621-44C4-B276-4F106A9945E6}.Release|Any CPU.ActiveCfg = Release|Any CPU
		{3EEBE05A-5621-44C4-B276-4F106A9945E6}.Release|Any CPU.Build.0 = Release|Any CPU
	EndGlobalSection
	GlobalSection(SolutionProperties) = preSolution
		HideSolutionNode = FALSE
	EndGlobalSection
EndGlobal
